
Microsoft Visual Studio Solution File, Format Version 12.00
# Visual Studio 2012
Project("{FAE04EC0-301F-11D3-BF4B-00C04F79EFBC}") = "WinWarCS.iOS", "WinWarCS\WinWarCS.iOS.csproj", "{5D12EBA0-E1A2-4391-9FF1-BF5A24D35AB4}"
EndProject
Global
	GlobalSection(SolutionConfigurationPlatforms) = preSolution
		Debug|iPhoneSimulator = Debug|iPhoneSimulator
		Release|iPhone = Release|iPhone
		Release|iPhoneSimulator = Release|iPhoneSimulator
		Debug|iPhone = Debug|iPhone
	EndGlobalSection
	GlobalSection(ProjectConfigurationPlatforms) = postSolution
		{5D12EBA0-E1A2-4391-9FF1-BF5A24D35AB4}.Debug|iPhone.ActiveCfg = Debug|iPhone
		{5D12EBA0-E1A2-4391-9FF1-BF5A24D35AB4}.Debug|iPhone.Build.0 = Debug|iPhone
		{5D12EBA0-E1A2-4391-9FF1-BF5A24D35AB4}.Debug|iPhoneSimulator.ActiveCfg = Debug|iPhoneSimulator
		{5D12EBA0-E1A2-4391-9FF1-BF5A24D35AB4}.Debug|iPhoneSimulator.Build.0 = Debug|iPhoneSimulator
		{5D12EBA0-E1A2-4391-9FF1-BF5A24D35AB4}.Release|iPhone.ActiveCfg = Release|iPhone
		{5D12EBA0-E1A2-4391-9FF1-BF5A24D35AB4}.Release|iPhone.Build.0 = Release|iPhone
		{5D12EBA0-E1A2-4391-9FF1-BF5A24D35AB4}.Release|iPhoneSimulator.ActiveCfg = Release|iPhoneSimulator
		{5D12EBA0-E1A2-4391-9FF1-BF5A24D35AB4}.Release|iPhoneSimulator.Build.0 = Release|iPhoneSimulator
	EndGlobalSection
EndGlobal
