
Microsoft Visual Studio Solution File, Format Version 12.00
# Visual Studio 15
VisualStudioVersion = 15.0.27004.2005
MinimumVisualStudioVersion = 10.0.40219.1
Project("{FAE04EC0-301F-11D3-BF4B-00C04F79EFBC}") = "DataWarLib", "DataWarLib\DataWarLib.csproj", "{853BCA60-C639-45DD-834A-4BBEED4654CA}"
EndProject
Global
	GlobalSection(SolutionConfigurationPlatforms) = preSolution
		Debug|Any CPU = Debug|Any CPU
		Release|Any CPU = Release|Any CPU
	EndGlobalSection
	GlobalSection(ProjectConfigurationPlatforms) = postSolution
		{853BCA60-C639-45DD-834A-4BBEED4654CA}.Debug|Any CPU.ActiveCfg = Debug|Any CPU
		{853BCA60-C639-45DD-834A-4BBEED4654CA}.Debug|Any CPU.Build.0 = Debug|Any CPU
		{853BCA60-C639-45DD-834A-4BBEED4654CA}.Release|Any CPU.ActiveCfg = Release|Any CPU
		{853BCA60-C639-45DD-834A-4BBEED4654CA}.Release|Any CPU.Build.0 = Release|Any CPU
	EndGlobalSection
	GlobalSection(SolutionProperties) = preSolution
		HideSolutionNode = FALSE
	EndGlobalSection
	GlobalSection(ExtensibilityGlobals) = postSolution
		SolutionGuid = {2776230B-55FF-46F2-AEDC-FE0D3919F901}
	EndGlobalSection
EndGlobal
