
Microsoft Visual Studio Solution File, Format Version 12.00
# Visual Studio 15
VisualStudioVersion = 15.0.27004.2005
MinimumVisualStudioVersion = 10.0.40219.1
Project("{9A19103F-16F7-4668-BE54-9A1E7A4F7556}") = "DataWarLib", "DataWarLib\DataWarLib.csproj", "{853BCA60-C639-45DD-834A-4BBEED4654CA}"
EndProject
Project("{FAE04EC0-301F-11D3-BF4B-00C04F79EFBC}") = "DataWarViewer", "DataWarViewer\DataWarViewer.csproj", "{7311682F-6040-4459-AB40-B96ED7D7C9E7}"
EndProject
Global
	GlobalSection(SolutionConfigurationPlatforms) = preSolution
		Debug|Any CPU = Debug|Any CPU
		Debug|ARM = Debug|ARM
		Debug|x64 = Debug|x64
		Debug|x86 = Debug|x86
		Release|Any CPU = Release|Any CPU
		Release|ARM = Release|ARM
		Release|x64 = Release|x64
		Release|x86 = Release|x86
	EndGlobalSection
	GlobalSection(ProjectConfigurationPlatforms) = postSolution
		{853BCA60-C639-45DD-834A-4BBEED4654CA}.Debug|Any CPU.ActiveCfg = Debug|Any CPU
		{853BCA60-C639-45DD-834A-4BBEED4654CA}.Debug|Any CPU.Build.0 = Debug|Any CPU
		{853BCA60-C639-45DD-834A-4BBEED4654CA}.Debug|ARM.ActiveCfg = Debug|Any CPU
		{853BCA60-C639-45DD-834A-4BBEED4654CA}.Debug|ARM.Build.0 = Debug|Any CPU
		{853BCA60-C639-45DD-834A-4BBEED4654CA}.Debug|x64.ActiveCfg = Debug|Any CPU
		{853BCA60-C639-45DD-834A-4BBEED4654CA}.Debug|x64.Build.0 = Debug|Any CPU
		{853BCA60-C639-45DD-834A-4BBEED4654CA}.Debug|x86.ActiveCfg = Debug|Any CPU
		{853BCA60-C639-45DD-834A-4BBEED4654CA}.Debug|x86.Build.0 = Debug|Any CPU
		{853BCA60-C639-45DD-834A-4BBEED4654CA}.Release|Any CPU.ActiveCfg = Release|Any CPU
		{853BCA60-C639-45DD-834A-4BBEED4654CA}.Release|Any CPU.Build.0 = Release|Any CPU
		{853BCA60-C639-45DD-834A-4BBEED4654CA}.Release|ARM.ActiveCfg = Release|Any CPU
		{853BCA60-C639-45DD-834A-4BBEED4654CA}.Release|ARM.Build.0 = Release|Any CPU
		{853BCA60-C639-45DD-834A-4BBEED4654CA}.Release|x64.ActiveCfg = Release|Any CPU
		{853BCA60-C639-45DD-834A-4BBEED4654CA}.Release|x64.Build.0 = Release|Any CPU
		{853BCA60-C639-45DD-834A-4BBEED4654CA}.Release|x86.ActiveCfg = Release|Any CPU
		{853BCA60-C639-45DD-834A-4BBEED4654CA}.Release|x86.Build.0 = Release|Any CPU
		{7311682F-6040-4459-AB40-B96ED7D7C9E7}.Debug|Any CPU.ActiveCfg = Debug|x86
		{7311682F-6040-4459-AB40-B96ED7D7C9E7}.Debug|Any CPU.Build.0 = Debug|x86
		{7311682F-6040-4459-AB40-B96ED7D7C9E7}.Debug|Any CPU.Deploy.0 = Debug|x86
		{7311682F-6040-4459-AB40-B96ED7D7C9E7}.Debug|ARM.ActiveCfg = Debug|ARM
		{7311682F-6040-4459-AB40-B96ED7D7C9E7}.Debug|ARM.Build.0 = Debug|ARM
		{7311682F-6040-4459-AB40-B96ED7D7C9E7}.Debug|ARM.Deploy.0 = Debug|ARM
		{7311682F-6040-4459-AB40-B96ED7D7C9E7}.Debug|x64.ActiveCfg = Debug|x64
		{7311682F-6040-4459-AB40-B96ED7D7C9E7}.Debug|x64.Build.0 = Debug|x64
		{7311682F-6040-4459-AB40-B96ED7D7C9E7}.Debug|x64.Deploy.0 = Debug|x64
		{7311682F-6040-4459-AB40-B96ED7D7C9E7}.Debug|x86.ActiveCfg = Debug|x86
		{7311682F-6040-4459-AB40-B96ED7D7C9E7}.Debug|x86.Build.0 = Debug|x86
		{7311682F-6040-4459-AB40-B96ED7D7C9E7}.Debug|x86.Deploy.0 = Debug|x86
		{7311682F-6040-4459-AB40-B96ED7D7C9E7}.Release|Any CPU.ActiveCfg = Release|x86
		{7311682F-6040-4459-AB40-B96ED7D7C9E7}.Release|ARM.ActiveCfg = Release|ARM
		{7311682F-6040-4459-AB40-B96ED7D7C9E7}.Release|ARM.Build.0 = Release|ARM
		{7311682F-6040-4459-AB40-B96ED7D7C9E7}.Release|ARM.Deploy.0 = Release|ARM
		{7311682F-6040-4459-AB40-B96ED7D7C9E7}.Release|x64.ActiveCfg = Release|x64
		{7311682F-6040-4459-AB40-B96ED7D7C9E7}.Release|x64.Build.0 = Release|x64
		{7311682F-6040-4459-AB40-B96ED7D7C9E7}.Release|x64.Deploy.0 = Release|x64
		{7311682F-6040-4459-AB40-B96ED7D7C9E7}.Release|x86.ActiveCfg = Release|x86
		{7311682F-6040-4459-AB40-B96ED7D7C9E7}.Release|x86.Build.0 = Release|x86
		{7311682F-6040-4459-AB40-B96ED7D7C9E7}.Release|x86.Deploy.0 = Release|x86
	EndGlobalSection
	GlobalSection(SolutionProperties) = preSolution
		HideSolutionNode = FALSE
	EndGlobalSection
	GlobalSection(ExtensibilityGlobals) = postSolution
		SolutionGuid = {2776230B-55FF-46F2-AEDC-FE0D3919F901}
	EndGlobalSection
EndGlobal
