
Microsoft Visual Studio Solution File, Format Version 12.00
# Visual Studio Version 17
VisualStudioVersion = 17.4.33205.214
MinimumVisualStudioVersion = 10.0.40219.1
Project("{9A19103F-16F7-4668-BE54-9A1E7A4F7556}") = "WinWar.Desktop", "Platforms\WinWar.Desktop\WinWar.Desktop.csproj", "{694EF266-FAEE-4D39-96BA-A476D0F90ABD}"
EndProject
Project("{9A19103F-16F7-4668-BE54-9A1E7A4F7556}") = "WinWarGame", "WinWarGame\WinWarGame.csproj", "{370D5679-2B77-48C2-97C1-BD0AAFCE7E37}"
EndProject
Project("{9A19103F-16F7-4668-BE54-9A1E7A4F7556}") = "FLCLib", "Submodules\FLCLib\FLCLib\FLCLib.csproj", "{DA0D13FD-954A-42B6-B707-9DA8FFC74469}"
EndProject
Global
	GlobalSection(SolutionConfigurationPlatforms) = preSolution
		Debug|Any CPU = Debug|Any CPU
		Debug|x86 = Debug|x86
		Release|Any CPU = Release|Any CPU
		Release|x86 = Release|x86
	EndGlobalSection
	GlobalSection(ProjectConfigurationPlatforms) = postSolution
		{694EF266-FAEE-4D39-96BA-A476D0F90ABD}.Debug|Any CPU.ActiveCfg = Debug|Any CPU
		{694EF266-FAEE-4D39-96BA-A476D0F90ABD}.Debug|Any CPU.Build.0 = Debug|Any CPU
		{694EF266-FAEE-4D39-96BA-A476D0F90ABD}.Debug|x86.ActiveCfg = Debug|Any CPU
		{694EF266-FAEE-4D39-96BA-A476D0F90ABD}.Debug|x86.Build.0 = Debug|Any CPU
		{694EF266-FAEE-4D39-96BA-A476D0F90ABD}.Release|Any CPU.ActiveCfg = Release|Any CPU
		{694EF266-FAEE-4D39-96BA-A476D0F90ABD}.Release|Any CPU.Build.0 = Release|Any CPU
		{694EF266-FAEE-4D39-96BA-A476D0F90ABD}.Release|x86.ActiveCfg = Release|Any CPU
		{694EF266-FAEE-4D39-96BA-A476D0F90ABD}.Release|x86.Build.0 = Release|Any CPU
		{370D5679-2B77-48C2-97C1-BD0AAFCE7E37}.Debug|Any CPU.ActiveCfg = Debug|Any CPU
		{370D5679-2B77-48C2-97C1-BD0AAFCE7E37}.Debug|Any CPU.Build.0 = Debug|Any CPU
		{370D5679-2B77-48C2-97C1-BD0AAFCE7E37}.Debug|x86.ActiveCfg = Debug|Any CPU
		{370D5679-2B77-48C2-97C1-BD0AAFCE7E37}.Debug|x86.Build.0 = Debug|Any CPU
		{370D5679-2B77-48C2-97C1-BD0AAFCE7E37}.Release|Any CPU.ActiveCfg = Release|Any CPU
		{370D5679-2B77-48C2-97C1-BD0AAFCE7E37}.Release|Any CPU.Build.0 = Release|Any CPU
		{370D5679-2B77-48C2-97C1-BD0AAFCE7E37}.Release|x86.ActiveCfg = Release|Any CPU
		{370D5679-2B77-48C2-97C1-BD0AAFCE7E37}.Release|x86.Build.0 = Release|Any CPU
		{DA0D13FD-954A-42B6-B707-9DA8FFC74469}.Debug|Any CPU.ActiveCfg = Debug|Any CPU
		{DA0D13FD-954A-42B6-B707-9DA8FFC74469}.Debug|Any CPU.Build.0 = Debug|Any CPU
		{DA0D13FD-954A-42B6-B707-9DA8FFC74469}.Debug|x86.ActiveCfg = Debug|Any CPU
		{DA0D13FD-954A-42B6-B707-9DA8FFC74469}.Debug|x86.Build.0 = Debug|Any CPU
		{DA0D13FD-954A-42B6-B707-9DA8FFC74469}.Release|Any CPU.ActiveCfg = Release|Any CPU
		{DA0D13FD-954A-42B6-B707-9DA8FFC74469}.Release|Any CPU.Build.0 = Release|Any CPU
		{DA0D13FD-954A-42B6-B707-9DA8FFC74469}.Release|x86.ActiveCfg = Release|Any CPU
		{DA0D13FD-954A-42B6-B707-9DA8FFC74469}.Release|x86.Build.0 = Release|Any CPU
	EndGlobalSection
	GlobalSection(SolutionProperties) = preSolution
		HideSolutionNode = FALSE
	EndGlobalSection
	GlobalSection(ExtensibilityGlobals) = postSolution
		SolutionGuid = {7B00477E-5739-4BEE-B7E8-8B0B3E5309B9}
	EndGlobalSection
EndGlobal
